// !$*UTF8*$!
{
	archiveVersion = 1;
	classes = {
	};
	objectVersion = 77;
	objects = {

/* Begin PBXBuildFile section */
		06B0AD823A4593FA6A2C8668 /* AppProfiles.swift in Sources */ = {isa = PBXBuildFile; fileRef = 85BAC1146F65D1220796D8BB /* AppProfiles.swift */; };
		0D6213B1858A69A599197F75 /* AppProfiles.swift in Sources */ = {isa = PBXBuildFile; fileRef = 85BAC1146F65D1220796D8BB /* AppProfiles.swift */; };
		1302835FE2DEC97FC50C7FEA /* WhisperKitEngine.swift in Sources */ = {isa = PBXBuildFile; fileRef = C553187D0CE89CA76136045E /* WhisperKitEngine.swift */; };
		168EB4652406D4294DDC6E9B /* Components.swift in Sources */ = {isa = PBXBuildFile; fileRef = 86A970725A67C472FE977A3A /* Components.swift */; };
		1B82091D1E849A97E59F7632 /* Assets.xcassets in Resources */ = {isa = PBXBuildFile; fileRef = 719B2757F1041A3D771C66ED /* Assets.xcassets */; };
		29C00871617F7E53026A64DE /* HotKeys.swift in Sources */ = {isa = PBXBuildFile; fileRef = B0E28E3C5D1EC373374C7D18 /* HotKeys.swift */; };
		2ED771AE3C510D33672D40F4 /* FocusMonitor.swift in Sources */ = {isa = PBXBuildFile; fileRef = 2A7C947E39B96BC1839F7566 /* FocusMonitor.swift */; };
		33275E590AE5A88C39680FEA /* TextToSpeech.swift in Sources */ = {isa = PBXBuildFile; fileRef = FE31962B304009A880C95D5D /* TextToSpeech.swift */; };
		36EDBF46E5B58846370F0B99 /* TextInserter.swift in Sources */ = {isa = PBXBuildFile; fileRef = 37BA72ED7163F909E4E62086 /* TextInserter.swift */; };
		3F244B777318E3634A3E2AD9 /* TTSKit in Frameworks */ = {isa = PBXBuildFile; productRef = 6D0E12BF765A007BB26A5BB2 /* TTSKit */; };
		3F8BAE775ED852697A9AA576 /* VoiceActivityDetector.swift in Sources */ = {isa = PBXBuildFile; fileRef = 202B7DB624624534035A3CFA /* VoiceActivityDetector.swift */; };
		4BA3796CCF417F5FEC354FCA /* WhisperKit in Frameworks */ = {isa = PBXBuildFile; productRef = 92BA7080187CF2650BD6D28F /* WhisperKit */; };
		5539C1B4FA3E952DC8886A8B /* HistoryStore.swift in Sources */ = {isa = PBXBuildFile; fileRef = 2885FCAF0D62077671D61BD7 /* HistoryStore.swift */; };
		58441458A76ACFE63966FDCA /* SayTypeApp.swift in Sources */ = {isa = PBXBuildFile; fileRef = C66B066FC6094F05DBDD9A32 /* SayTypeApp.swift */; };
		585A18528D11CE8C18DBB01D /* WhisperKit in Frameworks */ = {isa = PBXBuildFile; productRef = EDCE33DD21355C8A9C993336 /* WhisperKit */; };
		588D52E3C36B8AF5F1236570 /* SayTypeIntents.swift in Sources */ = {isa = PBXBuildFile; fileRef = 5207BC220D5E95679389478A /* SayTypeIntents.swift */; };
		59F83FBF9866ECCB6A96EAAB /* AppearanceSettings.swift in Sources */ = {isa = PBXBuildFile; fileRef = 8B823D687EE9813B0AC1A184 /* AppearanceSettings.swift */; };
		5B8C6D8C5DB303128DC8AF61 /* AutomationCommand.swift in Sources */ = {isa = PBXBuildFile; fileRef = 65F2712BA09ED596A4E61430 /* AutomationCommand.swift */; };
		5CBCA028B9D56D9DE4447121 /* LocalServerSTTEngine.swift in Sources */ = {isa = PBXBuildFile; fileRef = 203821E11885FCB9A72E5813 /* LocalServerSTTEngine.swift */; };
		5F673BF83162A3B44F426838 /* MeetingRecorder.swift in Sources */ = {isa = PBXBuildFile; fileRef = 2E5E00FB6B4CD0FAD21D279C /* MeetingRecorder.swift */; };
		6756105CCD6579F1B1239A4E /* TranscriptFormats.swift in Sources */ = {isa = PBXBuildFile; fileRef = 77587F81EC15F4988A537E40 /* TranscriptFormats.swift */; };
		6D5716B2FBF8A447DBF58D5E /* AudioDecoder.swift in Sources */ = {isa = PBXBuildFile; fileRef = 3DB245E0198CC4769381921C /* AudioDecoder.swift */; };
		6F38234283A7415B5FC14EA3 /* TranscribeWindow.swift in Sources */ = {isa = PBXBuildFile; fileRef = 8207E6873A8F9323C65E5226 /* TranscribeWindow.swift */; };
		743CF631EDE3F483BEF935CB /* Vocabulary.swift in Sources */ = {isa = PBXBuildFile; fileRef = BE9F1BC105E2404CEA5598CB /* Vocabulary.swift */; };
		74E31B82D64AA47BDD79AEF8 /* TranscribeTests.swift in Sources */ = {isa = PBXBuildFile; fileRef = 237F51E431BB7B54A5FA2B9B /* TranscribeTests.swift */; };
		75C4D6E7206F2F6DA34EEB75 /* OnboardingView.swift in Sources */ = {isa = PBXBuildFile; fileRef = 770124D93D913B248D59EC12 /* OnboardingView.swift */; };
		77D92C4B85293A601BCC10D4 /* CommandAliasTests.swift in Sources */ = {isa = PBXBuildFile; fileRef = 681871A66BB7B6289DDC5903 /* CommandAliasTests.swift */; };
		79347531E5AD724846B0FF20 /* SettingsExtras.swift in Sources */ = {isa = PBXBuildFile; fileRef = 40A978E943DC0086B28797A7 /* SettingsExtras.swift */; };
		7DFBBC5D702B280019CCE939 /* AppController.swift in Sources */ = {isa = PBXBuildFile; fileRef = C75A4F8D8E004F2147F022B0 /* AppController.swift */; };
		80BC4DA0B08694906F004253 /* AudioCapture.swift in Sources */ = {isa = PBXBuildFile; fileRef = 9EC81114F2AEB17B8CC86392 /* AudioCapture.swift */; };
		886FF7011A2726DE8F280CB4 /* CleanupPrompts.swift in Sources */ = {isa = PBXBuildFile; fileRef = 60B4D156A49A2AB3D1D74878 /* CleanupPrompts.swift */; };
		8902741C9E99E3390A499D3B /* Snippets.swift in Sources */ = {isa = PBXBuildFile; fileRef = 856354BCA414975F0FBC1FBF /* Snippets.swift */; };
		8C6C8867387B2E069405D3D6 /* UISnapshot.swift in Sources */ = {isa = PBXBuildFile; fileRef = CB4EEB003AC9D78A92C47F69 /* UISnapshot.swift */; };
		92E87D1615A9C96A920EED7E /* TranscriptFormats.swift in Sources */ = {isa = PBXBuildFile; fileRef = 77587F81EC15F4988A537E40 /* TranscriptFormats.swift */; };
		985A93B57C7CBAEBDFAAF0CB /* CaretIndicator.swift in Sources */ = {isa = PBXBuildFile; fileRef = 8653ABFF918C2E034E762BA9 /* CaretIndicator.swift */; };
		98F4632B21324A18527CBD6D /* AudioCapture.swift in Sources */ = {isa = PBXBuildFile; fileRef = 9EC81114F2AEB17B8CC86392 /* AudioCapture.swift */; };
		9DB244E66AAB48BFDA222727 /* HistoryStore.swift in Sources */ = {isa = PBXBuildFile; fileRef = 2885FCAF0D62077671D61BD7 /* HistoryStore.swift */; };
		A08987C5DF9E0F05AEE24443 /* VoiceActivityDetector.swift in Sources */ = {isa = PBXBuildFile; fileRef = 202B7DB624624534035A3CFA /* VoiceActivityDetector.swift */; };
		A31B3AB629553B6E8DE705F4 /* AudioDecoder.swift in Sources */ = {isa = PBXBuildFile; fileRef = 3DB245E0198CC4769381921C /* AudioDecoder.swift */; };
		A5BEBE7BB338C6B731785172 /* VoiceCommands.swift in Sources */ = {isa = PBXBuildFile; fileRef = B3EF5E33F9CCB1E207745D95 /* VoiceCommands.swift */; };
		AC6FDD389AE8C3567235AB9B /* VoiceCommands.swift in Sources */ = {isa = PBXBuildFile; fileRef = B3EF5E33F9CCB1E207745D95 /* VoiceCommands.swift */; };
		AD9597E33950E8EECA08FF12 /* AutomationSettings.swift in Sources */ = {isa = PBXBuildFile; fileRef = 61E8E4FC9F9D5A76BAB3C0CB /* AutomationSettings.swift */; };
		AFFE6C0863CE1CC032589385 /* RecordingOverlay.swift in Sources */ = {isa = PBXBuildFile; fileRef = D366B67C2485A8B1F2486B22 /* RecordingOverlay.swift */; };
		B06BD654AF877F45F6D865F2 /* Theme.swift in Sources */ = {isa = PBXBuildFile; fileRef = 681821E3A283D9F6F07ED3FC /* Theme.swift */; };
		B443D3DCC24122E14C2C4DF8 /* CleanupPrompts.swift in Sources */ = {isa = PBXBuildFile; fileRef = 60B4D156A49A2AB3D1D74878 /* CleanupPrompts.swift */; };
		B51990B2EC0C5EE342317F5D /* SpeechToText.swift in Sources */ = {isa = PBXBuildFile; fileRef = 7E66D6FDA3EE85BD826D379C /* SpeechToText.swift */; };
		B6A05C43ABEAA65CA4103A1B /* Snippets.swift in Sources */ = {isa = PBXBuildFile; fileRef = 856354BCA414975F0FBC1FBF /* Snippets.swift */; };
		BB8BD9AF488B11BA040B97BC /* SettingsView.swift in Sources */ = {isa = PBXBuildFile; fileRef = B31E8F24B9662632F898C0F6 /* SettingsView.swift */; };
		BF537DD19D175B0FD53D706B /* saytype in CopyFiles */ = {isa = PBXBuildFile; fileRef = 0B8E0F4CB157206F608BA94F /* saytype */; };
		C29E05A0F00354E11AC8457E /* AIService.swift in Sources */ = {isa = PBXBuildFile; fileRef = F36CD75CED4CFD6CED55DAC8 /* AIService.swift */; };
		C95D6342C61F1E7A127204F5 /* ParakeetEngine.swift in Sources */ = {isa = PBXBuildFile; fileRef = 631E18269B44FB8E24A9E5E4 /* ParakeetEngine.swift */; };
		C9C87F2E5121637D1B6856EB /* MenuView.swift in Sources */ = {isa = PBXBuildFile; fileRef = 75285A4114AA13AB9A702960 /* MenuView.swift */; };
		CB92C57DE408DE26A2BF02A8 /* AutomationCommand.swift in Sources */ = {isa = PBXBuildFile; fileRef = 65F2712BA09ED596A4E61430 /* AutomationCommand.swift */; };
		CC405ED1FB34DEA0FB727250 /* FeatureTests.swift in Sources */ = {isa = PBXBuildFile; fileRef = A53A9DA68605623F1DDCC3FC /* FeatureTests.swift */; };
		CC5613BF29FB8AAE3784A348 /* ExtraSnapshots.swift in Sources */ = {isa = PBXBuildFile; fileRef = C4EB2ADFAE92B4A0D4C4467C /* ExtraSnapshots.swift */; };
		D0DE736F9417A90C2735CDC0 /* Settings.swift in Sources */ = {isa = PBXBuildFile; fileRef = 3CD28D69B1D3FE0CA083A873 /* Settings.swift */; };
		DABAEB6AE0B0B71315FB3E67 /* Links.swift in Sources */ = {isa = PBXBuildFile; fileRef = 2D1DB7E69368667B4367568D /* Links.swift */; };
		DB8191092BE816C06098317B /* CommandAlias.swift in Sources */ = {isa = PBXBuildFile; fileRef = 36488AD632746C2AA9C0CD20 /* CommandAlias.swift */; };
		E2F9F5BCEF07A4D283B3761B /* FluidAudio in Frameworks */ = {isa = PBXBuildFile; productRef = 2DE9BA6B1D35D914742FE182 /* FluidAudio */; };
		E613E86C6F9AF53DD812DE5D /* ParakeetEngine.swift in Sources */ = {isa = PBXBuildFile; fileRef = 631E18269B44FB8E24A9E5E4 /* ParakeetEngine.swift */; };
		F0CF8AC399CF1B9CB10E4775 /* WhisperKitEngine.swift in Sources */ = {isa = PBXBuildFile; fileRef = C553187D0CE89CA76136045E /* WhisperKitEngine.swift */; };
		F1160910F744983ECE4B46AC /* SettingsShell.swift in Sources */ = {isa = PBXBuildFile; fileRef = BA8A0F5B949F89107A7723AA /* SettingsShell.swift */; };
		F276AFE4A0328FDBB6409D5B /* SpeechToText.swift in Sources */ = {isa = PBXBuildFile; fileRef = 7E66D6FDA3EE85BD826D379C /* SpeechToText.swift */; };
		F31E59B4370194FB8E7CB76E /* ParakeetEngineTests.swift in Sources */ = {isa = PBXBuildFile; fileRef = 81D3F0B04E2024AB7C6CBC97 /* ParakeetEngineTests.swift */; };
		F3D938134E2B817CD5C992E0 /* LocalServerSTTEngine.swift in Sources */ = {isa = PBXBuildFile; fileRef = 203821E11885FCB9A72E5813 /* LocalServerSTTEngine.swift */; };
		F3F2C19B248ADD490FD4CE70 /* CommandAlias.swift in Sources */ = {isa = PBXBuildFile; fileRef = 36488AD632746C2AA9C0CD20 /* CommandAlias.swift */; };
		F615747210F53EA54AE8BD15 /* FluidAudio in Frameworks */ = {isa = PBXBuildFile; productRef = 2BEEED922D4510A19DA4887F /* FluidAudio */; };
		FD88F82548764CE3C7428FE1 /* SayTypeTests.swift in Sources */ = {isa = PBXBuildFile; fileRef = 07669D1DAD103770A3DC26E2 /* SayTypeTests.swift */; };
		FF12D79124F88ED147E3A71E /* Vocabulary.swift in Sources */ = {isa = PBXBuildFile; fileRef = BE9F1BC105E2404CEA5598CB /* Vocabulary.swift */; };
		FFFFC58842148784F0CB4DB3 /* Settings.swift in Sources */ = {isa = PBXBuildFile; fileRef = 3CD28D69B1D3FE0CA083A873 /* Settings.swift */; };
/* End PBXBuildFile section */

/* Begin PBXCopyFilesBuildPhase section */
		613B871E047BC141BFCA1B96 /* CopyFiles */ = {
			isa = PBXCopyFilesBuildPhase;
			buildActionMask = 2147483647;
			dstPath = CLI;
			dstSubfolderSpec = 7;
			files = (
				BF537DD19D175B0FD53D706B /* saytype in CopyFiles */,
			);
			runOnlyForDeploymentPostprocessing = 0;
		};
/* End PBXCopyFilesBuildPhase section */

/* Begin PBXFileReference section */
		07669D1DAD103770A3DC26E2 /* SayTypeTests.swift */ = {isa = PBXFileReference; lastKnownFileType = sourcecode.swift; path = SayTypeTests.swift; sourceTree = "<group>"; };
		0B8E0F4CB157206F608BA94F /* saytype */ = {isa = PBXFileReference; path = saytype; sourceTree = "<group>"; };
		202B7DB624624534035A3CFA /* VoiceActivityDetector.swift */ = {isa = PBXFileReference; lastKnownFileType = sourcecode.swift; path = VoiceActivityDetector.swift; sourceTree = "<group>"; };
		203821E11885FCB9A72E5813 /* LocalServerSTTEngine.swift */ = {isa = PBXFileReference; lastKnownFileType = sourcecode.swift; path = LocalServerSTTEngine.swift; sourceTree = "<group>"; };
		237F51E431BB7B54A5FA2B9B /* TranscribeTests.swift */ = {isa = PBXFileReference; lastKnownFileType = sourcecode.swift; path = TranscribeTests.swift; sourceTree = "<group>"; };
		257A891C9FBCA5B3FF9AE942 /* SayType.app */ = {isa = PBXFileReference; explicitFileType = wrapper.application; includeInIndex = 0; path = SayType.app; sourceTree = BUILT_PRODUCTS_DIR; };
		2885FCAF0D62077671D61BD7 /* HistoryStore.swift */ = {isa = PBXFileReference; lastKnownFileType = sourcecode.swift; path = HistoryStore.swift; sourceTree = "<group>"; };
		2A7C947E39B96BC1839F7566 /* FocusMonitor.swift */ = {isa = PBXFileReference; lastKnownFileType = sourcecode.swift; path = FocusMonitor.swift; sourceTree = "<group>"; };
		2D1DB7E69368667B4367568D /* Links.swift */ = {isa = PBXFileReference; lastKnownFileType = sourcecode.swift; path = Links.swift; sourceTree = "<group>"; };
		2E5E00FB6B4CD0FAD21D279C /* MeetingRecorder.swift */ = {isa = PBXFileReference; lastKnownFileType = sourcecode.swift; path = MeetingRecorder.swift; sourceTree = "<group>"; };
		36488AD632746C2AA9C0CD20 /* CommandAlias.swift */ = {isa = PBXFileReference; lastKnownFileType = sourcecode.swift; path = CommandAlias.swift; sourceTree = "<group>"; };
		37BA72ED7163F909E4E62086 /* TextInserter.swift */ = {isa = PBXFileReference; lastKnownFileType = sourcecode.swift; path = TextInserter.swift; sourceTree = "<group>"; };
		3CD28D69B1D3FE0CA083A873 /* Settings.swift */ = {isa = PBXFileReference; lastKnownFileType = sourcecode.swift; path = Settings.swift; sourceTree = "<group>"; };
		3DB245E0198CC4769381921C /* AudioDecoder.swift */ = {isa = PBXFileReference; lastKnownFileType = sourcecode.swift; path = AudioDecoder.swift; sourceTree = "<group>"; };
		40A978E943DC0086B28797A7 /* SettingsExtras.swift */ = {isa = PBXFileReference; lastKnownFileType = sourcecode.swift; path = SettingsExtras.swift; sourceTree = "<group>"; };
		44BD51BA525676419DD83474 /* SayType-Direct.entitlements */ = {isa = PBXFileReference; lastKnownFileType = text.plist.entitlements; path = "SayType-Direct.entitlements"; sourceTree = "<group>"; };
		5207BC220D5E95679389478A /* SayTypeIntents.swift */ = {isa = PBXFileReference; lastKnownFileType = sourcecode.swift; path = SayTypeIntents.swift; sourceTree = "<group>"; };
		60B4D156A49A2AB3D1D74878 /* CleanupPrompts.swift */ = {isa = PBXFileReference; lastKnownFileType = sourcecode.swift; path = CleanupPrompts.swift; sourceTree = "<group>"; };
		61E8E4FC9F9D5A76BAB3C0CB /* AutomationSettings.swift */ = {isa = PBXFileReference; lastKnownFileType = sourcecode.swift; path = AutomationSettings.swift; sourceTree = "<group>"; };
		631E18269B44FB8E24A9E5E4 /* ParakeetEngine.swift */ = {isa = PBXFileReference; lastKnownFileType = sourcecode.swift; path = ParakeetEngine.swift; sourceTree = "<group>"; };
		65F2712BA09ED596A4E61430 /* AutomationCommand.swift */ = {isa = PBXFileReference; lastKnownFileType = sourcecode.swift; path = AutomationCommand.swift; sourceTree = "<group>"; };
		681821E3A283D9F6F07ED3FC /* Theme.swift */ = {isa = PBXFileReference; lastKnownFileType = sourcecode.swift; path = Theme.swift; sourceTree = "<group>"; };
		681871A66BB7B6289DDC5903 /* CommandAliasTests.swift */ = {isa = PBXFileReference; lastKnownFileType = sourcecode.swift; path = CommandAliasTests.swift; sourceTree = "<group>"; };
		719B2757F1041A3D771C66ED /* Assets.xcassets */ = {isa = PBXFileReference; lastKnownFileType = folder.assetcatalog; path = Assets.xcassets; sourceTree = "<group>"; };
		75285A4114AA13AB9A702960 /* MenuView.swift */ = {isa = PBXFileReference; lastKnownFileType = sourcecode.swift; path = MenuView.swift; sourceTree = "<group>"; };
		770124D93D913B248D59EC12 /* OnboardingView.swift */ = {isa = PBXFileReference; lastKnownFileType = sourcecode.swift; path = OnboardingView.swift; sourceTree = "<group>"; };
		77587F81EC15F4988A537E40 /* TranscriptFormats.swift */ = {isa = PBXFileReference; lastKnownFileType = sourcecode.swift; path = TranscriptFormats.swift; sourceTree = "<group>"; };
		7E66D6FDA3EE85BD826D379C /* SpeechToText.swift */ = {isa = PBXFileReference; lastKnownFileType = sourcecode.swift; path = SpeechToText.swift; sourceTree = "<group>"; };
		81D3F0B04E2024AB7C6CBC97 /* ParakeetEngineTests.swift */ = {isa = PBXFileReference; lastKnownFileType = sourcecode.swift; path = ParakeetEngineTests.swift; sourceTree = "<group>"; };
		8207E6873A8F9323C65E5226 /* TranscribeWindow.swift */ = {isa = PBXFileReference; lastKnownFileType = sourcecode.swift; path = TranscribeWindow.swift; sourceTree = "<group>"; };
		856354BCA414975F0FBC1FBF /* Snippets.swift */ = {isa = PBXFileReference; lastKnownFileType = sourcecode.swift; path = Snippets.swift; sourceTree = "<group>"; };
		85BAC1146F65D1220796D8BB /* AppProfiles.swift */ = {isa = PBXFileReference; lastKnownFileType = sourcecode.swift; path = AppProfiles.swift; sourceTree = "<group>"; };
		8653ABFF918C2E034E762BA9 /* CaretIndicator.swift */ = {isa = PBXFileReference; lastKnownFileType = sourcecode.swift; path = CaretIndicator.swift; sourceTree = "<group>"; };
		86A970725A67C472FE977A3A /* Components.swift */ = {isa = PBXFileReference; lastKnownFileType = sourcecode.swift; path = Components.swift; sourceTree = "<group>"; };
		891741B0FB553A27D4B93E15 /* SayType.entitlements */ = {isa = PBXFileReference; lastKnownFileType = text.plist.entitlements; path = SayType.entitlements; sourceTree = "<group>"; };
		8B823D687EE9813B0AC1A184 /* AppearanceSettings.swift */ = {isa = PBXFileReference; lastKnownFileType = sourcecode.swift; path = AppearanceSettings.swift; sourceTree = "<group>"; };
		9EC81114F2AEB17B8CC86392 /* AudioCapture.swift */ = {isa = PBXFileReference; lastKnownFileType = sourcecode.swift; path = AudioCapture.swift; sourceTree = "<group>"; };
		A53A9DA68605623F1DDCC3FC /* FeatureTests.swift */ = {isa = PBXFileReference; lastKnownFileType = sourcecode.swift; path = FeatureTests.swift; sourceTree = "<group>"; };
		AA4B58538F23BBAA4687812C /* SayTypeTests.xctest */ = {isa = PBXFileReference; explicitFileType = wrapper.cfbundle; includeInIndex = 0; path = SayTypeTests.xctest; sourceTree = BUILT_PRODUCTS_DIR; };
		B0E28E3C5D1EC373374C7D18 /* HotKeys.swift */ = {isa = PBXFileReference; lastKnownFileType = sourcecode.swift; path = HotKeys.swift; sourceTree = "<group>"; };
		B31E8F24B9662632F898C0F6 /* SettingsView.swift */ = {isa = PBXFileReference; lastKnownFileType = sourcecode.swift; path = SettingsView.swift; sourceTree = "<group>"; };
		B3EF5E33F9CCB1E207745D95 /* VoiceCommands.swift */ = {isa = PBXFileReference; lastKnownFileType = sourcecode.swift; path = VoiceCommands.swift; sourceTree = "<group>"; };
		BA8A0F5B949F89107A7723AA /* SettingsShell.swift */ = {isa = PBXFileReference; lastKnownFileType = sourcecode.swift; path = SettingsShell.swift; sourceTree = "<group>"; };
		BE9F1BC105E2404CEA5598CB /* Vocabulary.swift */ = {isa = PBXFileReference; lastKnownFileType = sourcecode.swift; path = Vocabulary.swift; sourceTree = "<group>"; };
		C4EB2ADFAE92B4A0D4C4467C /* ExtraSnapshots.swift */ = {isa = PBXFileReference; lastKnownFileType = sourcecode.swift; path = ExtraSnapshots.swift; sourceTree = "<group>"; };
		C553187D0CE89CA76136045E /* WhisperKitEngine.swift */ = {isa = PBXFileReference; lastKnownFileType = sourcecode.swift; path = WhisperKitEngine.swift; sourceTree = "<group>"; };
		C66B066FC6094F05DBDD9A32 /* SayTypeApp.swift */ = {isa = PBXFileReference; lastKnownFileType = sourcecode.swift; path = SayTypeApp.swift; sourceTree = "<group>"; };
		C75A4F8D8E004F2147F022B0 /* AppController.swift */ = {isa = PBXFileReference; lastKnownFileType = sourcecode.swift; path = AppController.swift; sourceTree = "<group>"; };
		CB4EEB003AC9D78A92C47F69 /* UISnapshot.swift */ = {isa = PBXFileReference; lastKnownFileType = sourcecode.swift; path = UISnapshot.swift; sourceTree = "<group>"; };
		D366B67C2485A8B1F2486B22 /* RecordingOverlay.swift */ = {isa = PBXFileReference; lastKnownFileType = sourcecode.swift; path = RecordingOverlay.swift; sourceTree = "<group>"; };
		F36CD75CED4CFD6CED55DAC8 /* AIService.swift */ = {isa = PBXFileReference; lastKnownFileType = sourcecode.swift; path = AIService.swift; sourceTree = "<group>"; };
		F85DB53C718B7976CC62861D /* Info.plist */ = {isa = PBXFileReference; lastKnownFileType = text.plist; path = Info.plist; sourceTree = "<group>"; };
		FE31962B304009A880C95D5D /* TextToSpeech.swift */ = {isa = PBXFileReference; lastKnownFileType = sourcecode.swift; path = TextToSpeech.swift; sourceTree = "<group>"; };
/* End PBXFileReference section */

/* Begin PBXFrameworksBuildPhase section */
		CD077C772ABFC984338631EE /* Frameworks */ = {
			isa = PBXFrameworksBuildPhase;
			buildActionMask = 2147483647;
			files = (
				585A18528D11CE8C18DBB01D /* WhisperKit in Frameworks */,
				E2F9F5BCEF07A4D283B3761B /* FluidAudio in Frameworks */,
			);
			runOnlyForDeploymentPostprocessing = 0;
		};
		F56CDBCB222C9440BDCEB4BB /* Frameworks */ = {
			isa = PBXFrameworksBuildPhase;
			buildActionMask = 2147483647;
			files = (
				4BA3796CCF417F5FEC354FCA /* WhisperKit in Frameworks */,
				3F244B777318E3634A3E2AD9 /* TTSKit in Frameworks */,
				F615747210F53EA54AE8BD15 /* FluidAudio in Frameworks */,
			);
			runOnlyForDeploymentPostprocessing = 0;
		};
/* End PBXFrameworksBuildPhase section */

/* Begin PBXGroup section */
		00A31EA7193FAE12A2A5DBFE /* CLI */ = {
			isa = PBXGroup;
			children = (
				0B8E0F4CB157206F608BA94F /* saytype */,
			);
			path = CLI;
			sourceTree = "<group>";
		};
		029235C3F9EF5F9B218DF4FF /* Profiles */ = {
			isa = PBXGroup;
			children = (
				85BAC1146F65D1220796D8BB /* AppProfiles.swift */,
			);
			path = Profiles;
			sourceTree = "<group>";
		};
		0D63920C6F46019D5D84996C /* Products */ = {
			isa = PBXGroup;
			children = (
				257A891C9FBCA5B3FF9AE942 /* SayType.app */,
				AA4B58538F23BBAA4687812C /* SayTypeTests.xctest */,
			);
			name = Products;
			sourceTree = "<group>";
		};
		0EED9B57E071B3C98A16B543 /* Automation */ = {
			isa = PBXGroup;
			children = (
				65F2712BA09ED596A4E61430 /* AutomationCommand.swift */,
				36488AD632746C2AA9C0CD20 /* CommandAlias.swift */,
				5207BC220D5E95679389478A /* SayTypeIntents.swift */,
			);
			path = Automation;
			sourceTree = "<group>";
		};
		1447A9DB8D35B162AB21B42F /* SayType */ = {
			isa = PBXGroup;
			children = (
				AED8539D0E017187B192CDAC /* AI */,
				528054F6EFA5FBDF5BECFB22 /* App */,
				BC6E2D1B0A7B2B01437F231A /* Audio */,
				0EED9B57E071B3C98A16B543 /* Automation */,
				3D39F650ADEB2424FDA5ACEA /* Commands */,
				F2B22F6E1064FEF1247C1064 /* Design */,
				700BB385F2F973E7196EFC2B /* Focus */,
				9A48609F3E6336FDCD064CA1 /* History */,
				65CA1B8E816475EBF5E87DCC /* Insertion */,
				F961471919EDE4CAED229BFA /* Overlay */,
				029235C3F9EF5F9B218DF4FF /* Profiles */,
				27B03CE4E74F0D1CF4DAAB0D /* Resources */,
				46CDACD366A1545A7C2DE69B /* STT */,
				E6CD5FC5A9AA1562ADD1659D /* Support */,
				A3863E33D366CDC1CB4409C8 /* Transcribe */,
				B9E229A4895E2294BC350AEA /* TTS */,
				99D0B84E3F99AA38A724BB6C /* UI */,
				B873D20EDD63962303714F0B /* Vocabulary */,
			);
			path = SayType;
			sourceTree = "<group>";
		};
		27B03CE4E74F0D1CF4DAAB0D /* Resources */ = {
			isa = PBXGroup;
			children = (
				719B2757F1041A3D771C66ED /* Assets.xcassets */,
				00A31EA7193FAE12A2A5DBFE /* CLI */,
			);
			path = Resources;
			sourceTree = "<group>";
		};
		3D39F650ADEB2424FDA5ACEA /* Commands */ = {
			isa = PBXGroup;
			children = (
				B3EF5E33F9CCB1E207745D95 /* VoiceCommands.swift */,
			);
			path = Commands;
			sourceTree = "<group>";
		};
		46CDACD366A1545A7C2DE69B /* STT */ = {
			isa = PBXGroup;
			children = (
				203821E11885FCB9A72E5813 /* LocalServerSTTEngine.swift */,
				631E18269B44FB8E24A9E5E4 /* ParakeetEngine.swift */,
				7E66D6FDA3EE85BD826D379C /* SpeechToText.swift */,
				C553187D0CE89CA76136045E /* WhisperKitEngine.swift */,
			);
			path = STT;
			sourceTree = "<group>";
		};
		528054F6EFA5FBDF5BECFB22 /* App */ = {
			isa = PBXGroup;
			children = (
				C75A4F8D8E004F2147F022B0 /* AppController.swift */,
				2D1DB7E69368667B4367568D /* Links.swift */,
				C66B066FC6094F05DBDD9A32 /* SayTypeApp.swift */,
				3CD28D69B1D3FE0CA083A873 /* Settings.swift */,
			);
			path = App;
			sourceTree = "<group>";
		};
		56DBEA1223169853796DF0E7 /* SayTypeTests */ = {
			isa = PBXGroup;
			children = (
				681871A66BB7B6289DDC5903 /* CommandAliasTests.swift */,
				A53A9DA68605623F1DDCC3FC /* FeatureTests.swift */,
				81D3F0B04E2024AB7C6CBC97 /* ParakeetEngineTests.swift */,
				07669D1DAD103770A3DC26E2 /* SayTypeTests.swift */,
				237F51E431BB7B54A5FA2B9B /* TranscribeTests.swift */,
			);
			path = SayTypeTests;
			sourceTree = "<group>";
		};
		65CA1B8E816475EBF5E87DCC /* Insertion */ = {
			isa = PBXGroup;
			children = (
				37BA72ED7163F909E4E62086 /* TextInserter.swift */,
			);
			path = Insertion;
			sourceTree = "<group>";
		};
		66503CCB0D820AD2C4A624DC = {
			isa = PBXGroup;
			children = (
				1447A9DB8D35B162AB21B42F /* SayType */,
				56DBEA1223169853796DF0E7 /* SayTypeTests */,
				0D63920C6F46019D5D84996C /* Products */,
			);
			sourceTree = "<group>";
		};
		700BB385F2F973E7196EFC2B /* Focus */ = {
			isa = PBXGroup;
			children = (
				2A7C947E39B96BC1839F7566 /* FocusMonitor.swift */,
			);
			path = Focus;
			sourceTree = "<group>";
		};
		99D0B84E3F99AA38A724BB6C /* UI */ = {
			isa = PBXGroup;
			children = (
				8B823D687EE9813B0AC1A184 /* AppearanceSettings.swift */,
				61E8E4FC9F9D5A76BAB3C0CB /* AutomationSettings.swift */,
				C4EB2ADFAE92B4A0D4C4467C /* ExtraSnapshots.swift */,
				75285A4114AA13AB9A702960 /* MenuView.swift */,
				770124D93D913B248D59EC12 /* OnboardingView.swift */,
				40A978E943DC0086B28797A7 /* SettingsExtras.swift */,
				BA8A0F5B949F89107A7723AA /* SettingsShell.swift */,
				B31E8F24B9662632F898C0F6 /* SettingsView.swift */,
				CB4EEB003AC9D78A92C47F69 /* UISnapshot.swift */,
			);
			path = UI;
			sourceTree = "<group>";
		};
		9A48609F3E6336FDCD064CA1 /* History */ = {
			isa = PBXGroup;
			children = (
				2885FCAF0D62077671D61BD7 /* HistoryStore.swift */,
			);
			path = History;
			sourceTree = "<group>";
		};
		A3863E33D366CDC1CB4409C8 /* Transcribe */ = {
			isa = PBXGroup;
			children = (
				3DB245E0198CC4769381921C /* AudioDecoder.swift */,
				2E5E00FB6B4CD0FAD21D279C /* MeetingRecorder.swift */,
				8207E6873A8F9323C65E5226 /* TranscribeWindow.swift */,
				77587F81EC15F4988A537E40 /* TranscriptFormats.swift */,
			);
			path = Transcribe;
			sourceTree = "<group>";
		};
		AED8539D0E017187B192CDAC /* AI */ = {
			isa = PBXGroup;
			children = (
				F36CD75CED4CFD6CED55DAC8 /* AIService.swift */,
				60B4D156A49A2AB3D1D74878 /* CleanupPrompts.swift */,
			);
			path = AI;
			sourceTree = "<group>";
		};
		B873D20EDD63962303714F0B /* Vocabulary */ = {
			isa = PBXGroup;
			children = (
				856354BCA414975F0FBC1FBF /* Snippets.swift */,
				BE9F1BC105E2404CEA5598CB /* Vocabulary.swift */,
			);
			path = Vocabulary;
			sourceTree = "<group>";
		};
		B9E229A4895E2294BC350AEA /* TTS */ = {
			isa = PBXGroup;
			children = (
				FE31962B304009A880C95D5D /* TextToSpeech.swift */,
			);
			path = TTS;
			sourceTree = "<group>";
		};
		BC6E2D1B0A7B2B01437F231A /* Audio */ = {
			isa = PBXGroup;
			children = (
				9EC81114F2AEB17B8CC86392 /* AudioCapture.swift */,
				202B7DB624624534035A3CFA /* VoiceActivityDetector.swift */,
			);
			path = Audio;
			sourceTree = "<group>";
		};
		E6CD5FC5A9AA1562ADD1659D /* Support */ = {
			isa = PBXGroup;
			children = (
				B0E28E3C5D1EC373374C7D18 /* HotKeys.swift */,
				F85DB53C718B7976CC62861D /* Info.plist */,
				44BD51BA525676419DD83474 /* SayType-Direct.entitlements */,
				891741B0FB553A27D4B93E15 /* SayType.entitlements */,
			);
			path = Support;
			sourceTree = "<group>";
		};
		F2B22F6E1064FEF1247C1064 /* Design */ = {
			isa = PBXGroup;
			children = (
				86A970725A67C472FE977A3A /* Components.swift */,
				681821E3A283D9F6F07ED3FC /* Theme.swift */,
			);
			path = Design;
			sourceTree = "<group>";
		};
		F961471919EDE4CAED229BFA /* Overlay */ = {
			isa = PBXGroup;
			children = (
				8653ABFF918C2E034E762BA9 /* CaretIndicator.swift */,
				D366B67C2485A8B1F2486B22 /* RecordingOverlay.swift */,
			);
			path = Overlay;
			sourceTree = "<group>";
		};
/* End PBXGroup section */

/* Begin PBXNativeTarget section */
		9A04C7419D5B2221FAB7216F /* SayType */ = {
			isa = PBXNativeTarget;
			buildConfigurationList = 137FE67729C6C6C16076BE2A /* Build configuration list for PBXNativeTarget "SayType" */;
			buildPhases = (
				EE059A8BDDEB2521248C1993 /* Sources */,
				349E65761C81508630B3EF4F /* Resources */,
				613B871E047BC141BFCA1B96 /* CopyFiles */,
				F56CDBCB222C9440BDCEB4BB /* Frameworks */,
			);
			buildRules = (
			);
			dependencies = (
			);
			name = SayType;
			packageProductDependencies = (
				92BA7080187CF2650BD6D28F /* WhisperKit */,
				6D0E12BF765A007BB26A5BB2 /* TTSKit */,
				2BEEED922D4510A19DA4887F /* FluidAudio */,
			);
			productName = SayType;
			productReference = 257A891C9FBCA5B3FF9AE942 /* SayType.app */;
			productType = "com.apple.product-type.application";
		};
		AF0B6944BCCDD06B9A630DFC /* SayTypeTests */ = {
			isa = PBXNativeTarget;
			buildConfigurationList = 919E7E62D51941C845EC3F27 /* Build configuration list for PBXNativeTarget "SayTypeTests" */;
			buildPhases = (
				8504983A884858D6D3A97A81 /* Sources */,
				CD077C772ABFC984338631EE /* Frameworks */,
			);
			buildRules = (
			);
			dependencies = (
			);
			name = SayTypeTests;
			packageProductDependencies = (
				EDCE33DD21355C8A9C993336 /* WhisperKit */,
				2DE9BA6B1D35D914742FE182 /* FluidAudio */,
			);
			productName = SayTypeTests;
			productReference = AA4B58538F23BBAA4687812C /* SayTypeTests.xctest */;
			productType = "com.apple.product-type.bundle.unit-test";
		};
/* End PBXNativeTarget section */

/* Begin PBXProject section */
		389B096DBE21559AD292BA9D /* Project object */ = {
			isa = PBXProject;
			attributes = {
				BuildIndependentTargetsInParallel = YES;
				LastUpgradeCheck = 1430;
				TargetAttributes = {
					9A04C7419D5B2221FAB7216F = {
						DevelopmentTeam = VQDNM3C2SW;
						ProvisioningStyle = Automatic;
					};
					AF0B6944BCCDD06B9A630DFC = {
						DevelopmentTeam = VQDNM3C2SW;
						ProvisioningStyle = Automatic;
					};
				};
			};
			buildConfigurationList = F7C3BFABE84B5124D7BEF1C4 /* Build configuration list for PBXProject "SayType" */;
			developmentRegion = en;
			hasScannedForEncodings = 0;
			knownRegions = (
				Base,
				en,
			);
			mainGroup = 66503CCB0D820AD2C4A624DC;
			minimizedProjectReferenceProxies = 1;
			packageReferences = (
				120679236D054BFC8C52F689 /* XCRemoteSwiftPackageReference "argmax-oss-swift" */,
				39819FA3B428C2683E6D3CFF /* XCRemoteSwiftPackageReference "FluidAudio" */,
			);
			preferredProjectObjectVersion = 77;
			productRefGroup = 0D63920C6F46019D5D84996C /* Products */;
			projectDirPath = "";
			projectRoot = "";
			targets = (
				9A04C7419D5B2221FAB7216F /* SayType */,
				AF0B6944BCCDD06B9A630DFC /* SayTypeTests */,
			);
		};
/* End PBXProject section */

/* Begin PBXResourcesBuildPhase section */
		349E65761C81508630B3EF4F /* Resources */ = {
			isa = PBXResourcesBuildPhase;
			buildActionMask = 2147483647;
			files = (
				1B82091D1E849A97E59F7632 /* Assets.xcassets in Resources */,
			);
			runOnlyForDeploymentPostprocessing = 0;
		};
/* End PBXResourcesBuildPhase section */

/* Begin PBXSourcesBuildPhase section */
		8504983A884858D6D3A97A81 /* Sources */ = {
			isa = PBXSourcesBuildPhase;
			buildActionMask = 2147483647;
			files = (
				0D6213B1858A69A599197F75 /* AppProfiles.swift in Sources */,
				98F4632B21324A18527CBD6D /* AudioCapture.swift in Sources */,
				6D5716B2FBF8A447DBF58D5E /* AudioDecoder.swift in Sources */,
				5B8C6D8C5DB303128DC8AF61 /* AutomationCommand.swift in Sources */,
				886FF7011A2726DE8F280CB4 /* CleanupPrompts.swift in Sources */,
				DB8191092BE816C06098317B /* CommandAlias.swift in Sources */,
				77D92C4B85293A601BCC10D4 /* CommandAliasTests.swift in Sources */,
				CC405ED1FB34DEA0FB727250 /* FeatureTests.swift in Sources */,
				9DB244E66AAB48BFDA222727 /* HistoryStore.swift in Sources */,
				F3D938134E2B817CD5C992E0 /* LocalServerSTTEngine.swift in Sources */,
				E613E86C6F9AF53DD812DE5D /* ParakeetEngine.swift in Sources */,
				F31E59B4370194FB8E7CB76E /* ParakeetEngineTests.swift in Sources */,
				FD88F82548764CE3C7428FE1 /* SayTypeTests.swift in Sources */,
				FFFFC58842148784F0CB4DB3 /* Settings.swift in Sources */,
				8902741C9E99E3390A499D3B /* Snippets.swift in Sources */,
				B51990B2EC0C5EE342317F5D /* SpeechToText.swift in Sources */,
				74E31B82D64AA47BDD79AEF8 /* TranscribeTests.swift in Sources */,
				92E87D1615A9C96A920EED7E /* TranscriptFormats.swift in Sources */,
				743CF631EDE3F483BEF935CB /* Vocabulary.swift in Sources */,
				3F8BAE775ED852697A9AA576 /* VoiceActivityDetector.swift in Sources */,
				A5BEBE7BB338C6B731785172 /* VoiceCommands.swift in Sources */,
				1302835FE2DEC97FC50C7FEA /* WhisperKitEngine.swift in Sources */,
			);
			runOnlyForDeploymentPostprocessing = 0;
		};
		EE059A8BDDEB2521248C1993 /* Sources */ = {
			isa = PBXSourcesBuildPhase;
			buildActionMask = 2147483647;
			files = (
				C29E05A0F00354E11AC8457E /* AIService.swift in Sources */,
				7DFBBC5D702B280019CCE939 /* AppController.swift in Sources */,
				06B0AD823A4593FA6A2C8668 /* AppProfiles.swift in Sources */,
				59F83FBF9866ECCB6A96EAAB /* AppearanceSettings.swift in Sources */,
				80BC4DA0B08694906F004253 /* AudioCapture.swift in Sources */,
				A31B3AB629553B6E8DE705F4 /* AudioDecoder.swift in Sources */,
				CB92C57DE408DE26A2BF02A8 /* AutomationCommand.swift in Sources */,
				AD9597E33950E8EECA08FF12 /* AutomationSettings.swift in Sources */,
				985A93B57C7CBAEBDFAAF0CB /* CaretIndicator.swift in Sources */,
				B443D3DCC24122E14C2C4DF8 /* CleanupPrompts.swift in Sources */,
				F3F2C19B248ADD490FD4CE70 /* CommandAlias.swift in Sources */,
				168EB4652406D4294DDC6E9B /* Components.swift in Sources */,
				CC5613BF29FB8AAE3784A348 /* ExtraSnapshots.swift in Sources */,
				2ED771AE3C510D33672D40F4 /* FocusMonitor.swift in Sources */,
				5539C1B4FA3E952DC8886A8B /* HistoryStore.swift in Sources */,
				29C00871617F7E53026A64DE /* HotKeys.swift in Sources */,
				DABAEB6AE0B0B71315FB3E67 /* Links.swift in Sources */,
				5CBCA028B9D56D9DE4447121 /* LocalServerSTTEngine.swift in Sources */,
				5F673BF83162A3B44F426838 /* MeetingRecorder.swift in Sources */,
				C9C87F2E5121637D1B6856EB /* MenuView.swift in Sources */,
				75C4D6E7206F2F6DA34EEB75 /* OnboardingView.swift in Sources */,
				C95D6342C61F1E7A127204F5 /* ParakeetEngine.swift in Sources */,
				AFFE6C0863CE1CC032589385 /* RecordingOverlay.swift in Sources */,
				58441458A76ACFE63966FDCA /* SayTypeApp.swift in Sources */,
				588D52E3C36B8AF5F1236570 /* SayTypeIntents.swift in Sources */,
				D0DE736F9417A90C2735CDC0 /* Settings.swift in Sources */,
				79347531E5AD724846B0FF20 /* SettingsExtras.swift in Sources */,
				F1160910F744983ECE4B46AC /* SettingsShell.swift in Sources */,
				BB8BD9AF488B11BA040B97BC /* SettingsView.swift in Sources */,
				B6A05C43ABEAA65CA4103A1B /* Snippets.swift in Sources */,
				F276AFE4A0328FDBB6409D5B /* SpeechToText.swift in Sources */,
				36EDBF46E5B58846370F0B99 /* TextInserter.swift in Sources */,
				33275E590AE5A88C39680FEA /* TextToSpeech.swift in Sources */,
				B06BD654AF877F45F6D865F2 /* Theme.swift in Sources */,
				6F38234283A7415B5FC14EA3 /* TranscribeWindow.swift in Sources */,
				6756105CCD6579F1B1239A4E /* TranscriptFormats.swift in Sources */,
				8C6C8867387B2E069405D3D6 /* UISnapshot.swift in Sources */,
				FF12D79124F88ED147E3A71E /* Vocabulary.swift in Sources */,
				A08987C5DF9E0F05AEE24443 /* VoiceActivityDetector.swift in Sources */,
				AC6FDD389AE8C3567235AB9B /* VoiceCommands.swift in Sources */,
				F0CF8AC399CF1B9CB10E4775 /* WhisperKitEngine.swift in Sources */,
			);
			runOnlyForDeploymentPostprocessing = 0;
		};
/* End PBXSourcesBuildPhase section */

/* Begin XCBuildConfiguration section */
		1531172A80191BCDE037A9AB /* Direct */ = {
			isa = XCBuildConfiguration;
			buildSettings = {
				ALWAYS_SEARCH_USER_PATHS = NO;
				CLANG_ANALYZER_NONNULL = YES;
				CLANG_ANALYZER_NUMBER_OBJECT_CONVERSION = YES_AGGRESSIVE;
				CLANG_CXX_LANGUAGE_STANDARD = "gnu++14";
				CLANG_CXX_LIBRARY = "libc++";
				CLANG_ENABLE_MODULES = YES;
				CLANG_ENABLE_OBJC_ARC = YES;
				CLANG_ENABLE_OBJC_WEAK = YES;
				CLANG_WARN_BLOCK_CAPTURE_AUTORELEASING = YES;
				CLANG_WARN_BOOL_CONVERSION = YES;
				CLANG_WARN_COMMA = YES;
				CLANG_WARN_CONSTANT_CONVERSION = YES;
				CLANG_WARN_DEPRECATED_OBJC_IMPLEMENTATIONS = YES;
				CLANG_WARN_DIRECT_OBJC_ISA_USAGE = YES_ERROR;
				CLANG_WARN_DOCUMENTATION_COMMENTS = YES;
				CLANG_WARN_EMPTY_BODY = YES;
				CLANG_WARN_ENUM_CONVERSION = YES;
				CLANG_WARN_INFINITE_RECURSION = YES;
				CLANG_WARN_INT_CONVERSION = YES;
				CLANG_WARN_NON_LITERAL_NULL_CONVERSION = YES;
				CLANG_WARN_OBJC_IMPLICIT_RETAIN_SELF = YES;
				CLANG_WARN_OBJC_LITERAL_CONVERSION = YES;
				CLANG_WARN_OBJC_ROOT_CLASS = YES_ERROR;
				CLANG_WARN_QUOTED_INCLUDE_IN_FRAMEWORK_HEADER = YES;
				CLANG_WARN_RANGE_LOOP_ANALYSIS = YES;
				CLANG_WARN_STRICT_PROTOTYPES = YES;
				CLANG_WARN_SUSPICIOUS_MOVE = YES;
				CLANG_WARN_UNGUARDED_AVAILABILITY = YES_AGGRESSIVE;
				CLANG_WARN_UNREACHABLE_CODE = YES;
				CLANG_WARN__DUPLICATE_METHOD_MATCH = YES;
				CODE_SIGN_STYLE = Automatic;
				COPY_PHASE_STRIP = NO;
				CURRENT_PROJECT_VERSION = 1;
				DEBUG_INFORMATION_FORMAT = "dwarf-with-dsym";
				DEVELOPMENT_TEAM = VQDNM3C2SW;
				ENABLE_NS_ASSERTIONS = NO;
				ENABLE_STRICT_OBJC_MSGSEND = YES;
				GCC_C_LANGUAGE_STANDARD = gnu11;
				GCC_NO_COMMON_BLOCKS = YES;
				GCC_WARN_64_TO_32_BIT_CONVERSION = YES;
				GCC_WARN_ABOUT_RETURN_TYPE = YES_ERROR;
				GCC_WARN_UNDECLARED_SELECTOR = YES;
				GCC_WARN_UNINITIALIZED_AUTOS = YES_AGGRESSIVE;
				GCC_WARN_UNUSED_FUNCTION = YES;
				GCC_WARN_UNUSED_VARIABLE = YES;
				MACOSX_DEPLOYMENT_TARGET = 14.0;
				MARKETING_VERSION = 1.1.2;
				MTL_ENABLE_DEBUG_INFO = NO;
				MTL_FAST_MATH = YES;
				PRODUCT_NAME = "$(TARGET_NAME)";
				SDKROOT = macosx;
				SWIFT_COMPILATION_MODE = wholemodule;
				SWIFT_OPTIMIZATION_LEVEL = "-O";
				SWIFT_VERSION = 5.0;
			};
			name = Direct;
		};
		1731ACD81F1236F3941D7285 /* Release */ = {
			isa = XCBuildConfiguration;
			buildSettings = {
				BUNDLE_LOADER = "$(TEST_HOST)";
				COMBINE_HIDPI_IMAGES = YES;
				GENERATE_INFOPLIST_FILE = YES;
				LD_RUNPATH_SEARCH_PATHS = (
					"$(inherited)",
					"@executable_path/../Frameworks",
					"@loader_path/../Frameworks",
				);
				PRODUCT_BUNDLE_IDENTIFIER = com.nicolasfrugoni.saytype.tests;
				SDKROOT = macosx;
			};
			name = Release;
		};
		2E47C175778B1FEDB5D35360 /* Debug */ = {
			isa = XCBuildConfiguration;
			buildSettings = {
				BUNDLE_LOADER = "$(TEST_HOST)";
				COMBINE_HIDPI_IMAGES = YES;
				GENERATE_INFOPLIST_FILE = YES;
				LD_RUNPATH_SEARCH_PATHS = (
					"$(inherited)",
					"@executable_path/../Frameworks",
					"@loader_path/../Frameworks",
				);
				PRODUCT_BUNDLE_IDENTIFIER = com.nicolasfrugoni.saytype.tests;
				SDKROOT = macosx;
			};
			name = Debug;
		};
		5C484C55F41C8610803D7304 /* Direct */ = {
			isa = XCBuildConfiguration;
			buildSettings = {
				ASSETCATALOG_COMPILER_APPICON_NAME = AppIcon;
				CODE_SIGN_ENTITLEMENTS = "SayType/Support/SayType-Direct.entitlements";
				COMBINE_HIDPI_IMAGES = YES;
				ENABLE_HARDENED_RUNTIME = YES;
				GENERATE_INFOPLIST_FILE = NO;
				INFOPLIST_FILE = SayType/Support/Info.plist;
				LD_RUNPATH_SEARCH_PATHS = (
					"$(inherited)",
					"@executable_path/../Frameworks",
				);
				PRODUCT_BUNDLE_IDENTIFIER = com.nicolasfrugoni.saytype;
				SDKROOT = macosx;
			};
			name = Direct;
		};
		8CA1A0737A46F110D1BFF35F /* Debug */ = {
			isa = XCBuildConfiguration;
			buildSettings = {
				ASSETCATALOG_COMPILER_APPICON_NAME = AppIcon;
				CODE_SIGN_ENTITLEMENTS = "SayType/Support/SayType-Direct.entitlements";
				COMBINE_HIDPI_IMAGES = YES;
				ENABLE_HARDENED_RUNTIME = YES;
				GENERATE_INFOPLIST_FILE = NO;
				INFOPLIST_FILE = SayType/Support/Info.plist;
				LD_RUNPATH_SEARCH_PATHS = (
					"$(inherited)",
					"@executable_path/../Frameworks",
				);
				PRODUCT_BUNDLE_IDENTIFIER = com.nicolasfrugoni.saytype;
				SDKROOT = macosx;
			};
			name = Debug;
		};
		A1A54C089BD53096F3EEC315 /* Release */ = {
			isa = XCBuildConfiguration;
			buildSettings = {
				ASSETCATALOG_COMPILER_APPICON_NAME = AppIcon;
				CODE_SIGN_ENTITLEMENTS = SayType/Support/SayType.entitlements;
				COMBINE_HIDPI_IMAGES = YES;
				ENABLE_HARDENED_RUNTIME = YES;
				GENERATE_INFOPLIST_FILE = NO;
				INFOPLIST_FILE = SayType/Support/Info.plist;
				LD_RUNPATH_SEARCH_PATHS = (
					"$(inherited)",
					"@executable_path/../Frameworks",
				);
				PRODUCT_BUNDLE_IDENTIFIER = com.nicolasfrugoni.saytype;
				SDKROOT = macosx;
			};
			name = Release;
		};
		AA5D438DE145965B78A23D33 /* Debug */ = {
			isa = XCBuildConfiguration;
			buildSettings = {
				ALWAYS_SEARCH_USER_PATHS = NO;
				CLANG_ANALYZER_NONNULL = YES;
				CLANG_ANALYZER_NUMBER_OBJECT_CONVERSION = YES_AGGRESSIVE;
				CLANG_CXX_LANGUAGE_STANDARD = "gnu++14";
				CLANG_CXX_LIBRARY = "libc++";
				CLANG_ENABLE_MODULES = YES;
				CLANG_ENABLE_OBJC_ARC = YES;
				CLANG_ENABLE_OBJC_WEAK = YES;
				CLANG_WARN_BLOCK_CAPTURE_AUTORELEASING = YES;
				CLANG_WARN_BOOL_CONVERSION = YES;
				CLANG_WARN_COMMA = YES;
				CLANG_WARN_CONSTANT_CONVERSION = YES;
				CLANG_WARN_DEPRECATED_OBJC_IMPLEMENTATIONS = YES;
				CLANG_WARN_DIRECT_OBJC_ISA_USAGE = YES_ERROR;
				CLANG_WARN_DOCUMENTATION_COMMENTS = YES;
				CLANG_WARN_EMPTY_BODY = YES;
				CLANG_WARN_ENUM_CONVERSION = YES;
				CLANG_WARN_INFINITE_RECURSION = YES;
				CLANG_WARN_INT_CONVERSION = YES;
				CLANG_WARN_NON_LITERAL_NULL_CONVERSION = YES;
				CLANG_WARN_OBJC_IMPLICIT_RETAIN_SELF = YES;
				CLANG_WARN_OBJC_LITERAL_CONVERSION = YES;
				CLANG_WARN_OBJC_ROOT_CLASS = YES_ERROR;
				CLANG_WARN_QUOTED_INCLUDE_IN_FRAMEWORK_HEADER = YES;
				CLANG_WARN_RANGE_LOOP_ANALYSIS = YES;
				CLANG_WARN_STRICT_PROTOTYPES = YES;
				CLANG_WARN_SUSPICIOUS_MOVE = YES;
				CLANG_WARN_UNGUARDED_AVAILABILITY = YES_AGGRESSIVE;
				CLANG_WARN_UNREACHABLE_CODE = YES;
				CLANG_WARN__DUPLICATE_METHOD_MATCH = YES;
				CODE_SIGN_STYLE = Automatic;
				COPY_PHASE_STRIP = NO;
				CURRENT_PROJECT_VERSION = 1;
				DEBUG_INFORMATION_FORMAT = dwarf;
				DEVELOPMENT_TEAM = VQDNM3C2SW;
				ENABLE_STRICT_OBJC_MSGSEND = YES;
				ENABLE_TESTABILITY = YES;
				GCC_C_LANGUAGE_STANDARD = gnu11;
				GCC_DYNAMIC_NO_PIC = NO;
				GCC_NO_COMMON_BLOCKS = YES;
				GCC_OPTIMIZATION_LEVEL = 0;
				GCC_PREPROCESSOR_DEFINITIONS = (
					"$(inherited)",
					"DEBUG=1",
				);
				GCC_WARN_64_TO_32_BIT_CONVERSION = YES;
				GCC_WARN_ABOUT_RETURN_TYPE = YES_ERROR;
				GCC_WARN_UNDECLARED_SELECTOR = YES;
				GCC_WARN_UNINITIALIZED_AUTOS = YES_AGGRESSIVE;
				GCC_WARN_UNUSED_FUNCTION = YES;
				GCC_WARN_UNUSED_VARIABLE = YES;
				MACOSX_DEPLOYMENT_TARGET = 14.0;
				MARKETING_VERSION = 1.1.2;
				MTL_ENABLE_DEBUG_INFO = INCLUDE_SOURCE;
				MTL_FAST_MATH = YES;
				ONLY_ACTIVE_ARCH = YES;
				PRODUCT_NAME = "$(TARGET_NAME)";
				SDKROOT = macosx;
				SWIFT_ACTIVE_COMPILATION_CONDITIONS = DEBUG;
				SWIFT_OPTIMIZATION_LEVEL = "-Onone";
				SWIFT_VERSION = 5.0;
			};
			name = Debug;
		};
		DF9F8E89623AE8E013D107F6 /* Release */ = {
			isa = XCBuildConfiguration;
			buildSettings = {
				ALWAYS_SEARCH_USER_PATHS = NO;
				CLANG_ANALYZER_NONNULL = YES;
				CLANG_ANALYZER_NUMBER_OBJECT_CONVERSION = YES_AGGRESSIVE;
				CLANG_CXX_LANGUAGE_STANDARD = "gnu++14";
				CLANG_CXX_LIBRARY = "libc++";
				CLANG_ENABLE_MODULES = YES;
				CLANG_ENABLE_OBJC_ARC = YES;
				CLANG_ENABLE_OBJC_WEAK = YES;
				CLANG_WARN_BLOCK_CAPTURE_AUTORELEASING = YES;
				CLANG_WARN_BOOL_CONVERSION = YES;
				CLANG_WARN_COMMA = YES;
				CLANG_WARN_CONSTANT_CONVERSION = YES;
				CLANG_WARN_DEPRECATED_OBJC_IMPLEMENTATIONS = YES;
				CLANG_WARN_DIRECT_OBJC_ISA_USAGE = YES_ERROR;
				CLANG_WARN_DOCUMENTATION_COMMENTS = YES;
				CLANG_WARN_EMPTY_BODY = YES;
				CLANG_WARN_ENUM_CONVERSION = YES;
				CLANG_WARN_INFINITE_RECURSION = YES;
				CLANG_WARN_INT_CONVERSION = YES;
				CLANG_WARN_NON_LITERAL_NULL_CONVERSION = YES;
				CLANG_WARN_OBJC_IMPLICIT_RETAIN_SELF = YES;
				CLANG_WARN_OBJC_LITERAL_CONVERSION = YES;
				CLANG_WARN_OBJC_ROOT_CLASS = YES_ERROR;
				CLANG_WARN_QUOTED_INCLUDE_IN_FRAMEWORK_HEADER = YES;
				CLANG_WARN_RANGE_LOOP_ANALYSIS = YES;
				CLANG_WARN_STRICT_PROTOTYPES = YES;
				CLANG_WARN_SUSPICIOUS_MOVE = YES;
				CLANG_WARN_UNGUARDED_AVAILABILITY = YES_AGGRESSIVE;
				CLANG_WARN_UNREACHABLE_CODE = YES;
				CLANG_WARN__DUPLICATE_METHOD_MATCH = YES;
				CODE_SIGN_STYLE = Automatic;
				COPY_PHASE_STRIP = NO;
				CURRENT_PROJECT_VERSION = 1;
				DEBUG_INFORMATION_FORMAT = "dwarf-with-dsym";
				DEVELOPMENT_TEAM = VQDNM3C2SW;
				ENABLE_NS_ASSERTIONS = NO;
				ENABLE_STRICT_OBJC_MSGSEND = YES;
				GCC_C_LANGUAGE_STANDARD = gnu11;
				GCC_NO_COMMON_BLOCKS = YES;
				GCC_WARN_64_TO_32_BIT_CONVERSION = YES;
				GCC_WARN_ABOUT_RETURN_TYPE = YES_ERROR;
				GCC_WARN_UNDECLARED_SELECTOR = YES;
				GCC_WARN_UNINITIALIZED_AUTOS = YES_AGGRESSIVE;
				GCC_WARN_UNUSED_FUNCTION = YES;
				GCC_WARN_UNUSED_VARIABLE = YES;
				MACOSX_DEPLOYMENT_TARGET = 14.0;
				MARKETING_VERSION = 1.1.2;
				MTL_ENABLE_DEBUG_INFO = NO;
				MTL_FAST_MATH = YES;
				PRODUCT_NAME = "$(TARGET_NAME)";
				SDKROOT = macosx;
				SWIFT_COMPILATION_MODE = wholemodule;
				SWIFT_OPTIMIZATION_LEVEL = "-O";
				SWIFT_VERSION = 5.0;
			};
			name = Release;
		};
		FDF887D35E36A94DD5654C7B /* Direct */ = {
			isa = XCBuildConfiguration;
			buildSettings = {
				BUNDLE_LOADER = "$(TEST_HOST)";
				COMBINE_HIDPI_IMAGES = YES;
				GENERATE_INFOPLIST_FILE = YES;
				LD_RUNPATH_SEARCH_PATHS = (
					"$(inherited)",
					"@executable_path/../Frameworks",
					"@loader_path/../Frameworks",
				);
				PRODUCT_BUNDLE_IDENTIFIER = com.nicolasfrugoni.saytype.tests;
				SDKROOT = macosx;
			};
			name = Direct;
		};
/* End XCBuildConfiguration section */

/* Begin XCConfigurationList section */
		137FE67729C6C6C16076BE2A /* Build configuration list for PBXNativeTarget "SayType" */ = {
			isa = XCConfigurationList;
			buildConfigurations = (
				8CA1A0737A46F110D1BFF35F /* Debug */,
				5C484C55F41C8610803D7304 /* Direct */,
				A1A54C089BD53096F3EEC315 /* Release */,
			);
			defaultConfigurationIsVisible = 0;
			defaultConfigurationName = Debug;
		};
		919E7E62D51941C845EC3F27 /* Build configuration list for PBXNativeTarget "SayTypeTests" */ = {
			isa = XCConfigurationList;
			buildConfigurations = (
				2E47C175778B1FEDB5D35360 /* Debug */,
				FDF887D35E36A94DD5654C7B /* Direct */,
				1731ACD81F1236F3941D7285 /* Release */,
			);
			defaultConfigurationIsVisible = 0;
			defaultConfigurationName = Debug;
		};
		F7C3BFABE84B5124D7BEF1C4 /* Build configuration list for PBXProject "SayType" */ = {
			isa = XCConfigurationList;
			buildConfigurations = (
				AA5D438DE145965B78A23D33 /* Debug */,
				1531172A80191BCDE037A9AB /* Direct */,
				DF9F8E89623AE8E013D107F6 /* Release */,
			);
			defaultConfigurationIsVisible = 0;
			defaultConfigurationName = Debug;
		};
/* End XCConfigurationList section */

/* Begin XCRemoteSwiftPackageReference section */
		120679236D054BFC8C52F689 /* XCRemoteSwiftPackageReference "argmax-oss-swift" */ = {
			isa = XCRemoteSwiftPackageReference;
			repositoryURL = "https://github.com/argmaxinc/argmax-oss-swift.git";
			requirement = {
				kind = upToNextMajorVersion;
				minimumVersion = 1.1.0;
			};
		};
		39819FA3B428C2683E6D3CFF /* XCRemoteSwiftPackageReference "FluidAudio" */ = {
			isa = XCRemoteSwiftPackageReference;
			repositoryURL = "https://github.com/FluidInference/FluidAudio.git";
			requirement = {
				kind = upToNextMajorVersion;
				minimumVersion = 0.17.5;
			};
		};
/* End XCRemoteSwiftPackageReference section */

/* Begin XCSwiftPackageProductDependency section */
		2BEEED922D4510A19DA4887F /* FluidAudio */ = {
			isa = XCSwiftPackageProductDependency;
			package = 39819FA3B428C2683E6D3CFF /* XCRemoteSwiftPackageReference "FluidAudio" */;
			productName = FluidAudio;
		};
		2DE9BA6B1D35D914742FE182 /* FluidAudio */ = {
			isa = XCSwiftPackageProductDependency;
			package = 39819FA3B428C2683E6D3CFF /* XCRemoteSwiftPackageReference "FluidAudio" */;
			productName = FluidAudio;
		};
		6D0E12BF765A007BB26A5BB2 /* TTSKit */ = {
			isa = XCSwiftPackageProductDependency;
			package = 120679236D054BFC8C52F689 /* XCRemoteSwiftPackageReference "argmax-oss-swift" */;
			productName = TTSKit;
		};
		92BA7080187CF2650BD6D28F /* WhisperKit */ = {
			isa = XCSwiftPackageProductDependency;
			package = 120679236D054BFC8C52F689 /* XCRemoteSwiftPackageReference "argmax-oss-swift" */;
			productName = WhisperKit;
		};
		EDCE33DD21355C8A9C993336 /* WhisperKit */ = {
			isa = XCSwiftPackageProductDependency;
			package = 120679236D054BFC8C52F689 /* XCRemoteSwiftPackageReference "argmax-oss-swift" */;
			productName = WhisperKit;
		};
/* End XCSwiftPackageProductDependency section */
	};
	rootObject = 389B096DBE21559AD292BA9D /* Project object */;
}
